
Microsoft Visual Studio Solution File, Format Version 11.00
# Visual Studio 2010
Project("{FAE04EC0-301F-11D3-BF4B-00C04F79EFBC}") = "SimpleAdminPais", "SimpleAdminPais\SimpleAdminPais.csproj", "{0E6AB0A8-DB07-42F5-A96D-EA6222D0273F}"
EndProject
Project("{FAE04EC0-301F-11D3-BF4B-00C04F79EFBC}") = "UI", "UI\UI.csproj", "{E5297062-4403-4AA2-85BF-D16C01BB7144}"
EndProject
Project("{FAE04EC0-301F-11D3-BF4B-00C04F79EFBC}") = "Model", "Model\Model.csproj", "{3B08DCE3-7952-48A8-9744-E142F2837817}"
EndProject
Project("{FAE04EC0-301F-11D3-BF4B-00C04F79EFBC}") = "DAL", "DAL\DAL.csproj", "{E2678FFC-929A-4DF0-8F75-DBECDD27DF51}"
EndProject
Project("{FAE04EC0-301F-11D3-BF4B-00C04F79EFBC}") = "ViewModel", "ViewModel\ViewModel.csproj", "{3FB8044B-318E-470C-8A90-D1E645D97DB6}"
EndProject
Global
	GlobalSection(SolutionConfigurationPlatforms) = preSolution
		Debug|Any CPU = Debug|Any CPU
		Debug|Mixed Platforms = Debug|Mixed Platforms
		Debug|x86 = Debug|x86
		Release|Any CPU = Release|Any CPU
		Release|Mixed Platforms = Release|Mixed Platforms
		Release|x86 = Release|x86
	EndGlobalSection
	GlobalSection(ProjectConfigurationPlatforms) = postSolution
		{0E6AB0A8-DB07-42F5-A96D-EA6222D0273F}.Debug|Any CPU.ActiveCfg = Debug|x86
		{0E6AB0A8-DB07-42F5-A96D-EA6222D0273F}.Debug|Mixed Platforms.ActiveCfg = Debug|x86
		{0E6AB0A8-DB07-42F5-A96D-EA6222D0273F}.Debug|Mixed Platforms.Build.0 = Debug|x86
		{0E6AB0A8-DB07-42F5-A96D-EA6222D0273F}.Debug|x86.ActiveCfg = Debug|x86
		{0E6AB0A8-DB07-42F5-A96D-EA6222D0273F}.Debug|x86.Build.0 = Debug|x86
		{0E6AB0A8-DB07-42F5-A96D-EA6222D0273F}.Release|Any CPU.ActiveCfg = Release|x86
		{0E6AB0A8-DB07-42F5-A96D-EA6222D0273F}.Release|Mixed Platforms.ActiveCfg = Release|x86
		{0E6AB0A8-DB07-42F5-A96D-EA6222D0273F}.Release|Mixed Platforms.Build.0 = Release|x86
		{0E6AB0A8-DB07-42F5-A96D-EA6222D0273F}.Release|x86.ActiveCfg = Release|x86
		{0E6AB0A8-DB07-42F5-A96D-EA6222D0273F}.Release|x86.Build.0 = Release|x86
		{E5297062-4403-4AA2-85BF-D16C01BB7144}.Debug|Any CPU.ActiveCfg = Debug|Any CPU
		{E5297062-4403-4AA2-85BF-D16C01BB7144}.Debug|Any CPU.Build.0 = Debug|Any CPU
		{E5297062-4403-4AA2-85BF-D16C01BB7144}.Debug|Mixed Platforms.ActiveCfg = Debug|Any CPU
		{E5297062-4403-4AA2-85BF-D16C01BB7144}.Debug|Mixed Platforms.Build.0 = Debug|Any CPU
		{E5297062-4403-4AA2-85BF-D16C01BB7144}.Debug|x86.ActiveCfg = Debug|Any CPU
		{E5297062-4403-4AA2-85BF-D16C01BB7144}.Release|Any CPU.ActiveCfg = Release|Any CPU
		{E5297062-4403-4AA2-85BF-D16C01BB7144}.Release|Any CPU.Build.0 = Release|Any CPU
		{E5297062-4403-4AA2-85BF-D16C01BB7144}.Release|Mixed Platforms.ActiveCfg = Release|Any CPU
		{E5297062-4403-4AA2-85BF-D16C01BB7144}.Release|Mixed Platforms.Build.0 = Release|Any CPU
		{E5297062-4403-4AA2-85BF-D16C01BB7144}.Release|x86.ActiveCfg = Release|Any CPU
		{3B08DCE3-7952-48A8-9744-E142F2837817}.Debug|Any CPU.ActiveCfg = Debug|Any CPU
		{3B08DCE3-7952-48A8-9744-E142F2837817}.Debug|Any CPU.Build.0 = Debug|Any CPU
		{3B08DCE3-7952-48A8-9744-E142F2837817}.Debug|Mixed Platforms.ActiveCfg = Debug|Any CPU
		{3B08DCE3-7952-48A8-9744-E142F2837817}.Debug|Mixed Platforms.Build.0 = Debug|Any CPU
		{3B08DCE3-7952-48A8-9744-E142F2837817}.Debug|x86.ActiveCfg = Debug|Any CPU
		{3B08DCE3-7952-48A8-9744-E142F2837817}.Release|Any CPU.ActiveCfg = Release|Any CPU
		{3B08DCE3-7952-48A8-9744-E142F2837817}.Release|Any CPU.Build.0 = Release|Any CPU
		{3B08DCE3-7952-48A8-9744-E142F2837817}.Release|Mixed Platforms.ActiveCfg = Release|Any CPU
		{3B08DCE3-7952-48A8-9744-E142F2837817}.Release|Mixed Platforms.Build.0 = Release|Any CPU
		{3B08DCE3-7952-48A8-9744-E142F2837817}.Release|x86.ActiveCfg = Release|Any CPU
		{E2678FFC-929A-4DF0-8F75-DBECDD27DF51}.Debug|Any CPU.ActiveCfg = Debug|Any CPU
		{E2678FFC-929A-4DF0-8F75-DBECDD27DF51}.Debug|Any CPU.Build.0 = Debug|Any CPU
		{E2678FFC-929A-4DF0-8F75-DBECDD27DF51}.Debug|Mixed Platforms.ActiveCfg = Debug|Any CPU
		{E2678FFC-929A-4DF0-8F75-DBECDD27DF51}.Debug|Mixed Platforms.Build.0 = Debug|Any CPU
		{E2678FFC-929A-4DF0-8F75-DBECDD27DF51}.Debug|x86.ActiveCfg = Debug|Any CPU
		{E2678FFC-929A-4DF0-8F75-DBECDD27DF51}.Release|Any CPU.ActiveCfg = Release|Any CPU
		{E2678FFC-929A-4DF0-8F75-DBECDD27DF51}.Release|Any CPU.Build.0 = Release|Any CPU
		{E2678FFC-929A-4DF0-8F75-DBECDD27DF51}.Release|Mixed Platforms.ActiveCfg = Release|Any CPU
		{E2678FFC-929A-4DF0-8F75-DBECDD27DF51}.Release|Mixed Platforms.Build.0 = Release|Any CPU
		{E2678FFC-929A-4DF0-8F75-DBECDD27DF51}.Release|x86.ActiveCfg = Release|Any CPU
		{3FB8044B-318E-470C-8A90-D1E645D97DB6}.Debug|Any CPU.ActiveCfg = Debug|Any CPU
		{3FB8044B-318E-470C-8A90-D1E645D97DB6}.Debug|Any CPU.Build.0 = Debug|Any CPU
		{3FB8044B-318E-470C-8A90-D1E645D97DB6}.Debug|Mixed Platforms.ActiveCfg = Debug|Any CPU
		{3FB8044B-318E-470C-8A90-D1E645D97DB6}.Debug|Mixed Platforms.Build.0 = Debug|Any CPU
		{3FB8044B-318E-470C-8A90-D1E645D97DB6}.Debug|x86.ActiveCfg = Debug|Any CPU
		{3FB8044B-318E-470C-8A90-D1E645D97DB6}.Release|Any CPU.ActiveCfg = Release|Any CPU
		{3FB8044B-318E-470C-8A90-D1E645D97DB6}.Release|Any CPU.Build.0 = Release|Any CPU
		{3FB8044B-318E-470C-8A90-D1E645D97DB6}.Release|Mixed Platforms.ActiveCfg = Release|Any CPU
		{3FB8044B-318E-470C-8A90-D1E645D97DB6}.Release|Mixed Platforms.Build.0 = Release|Any CPU
		{3FB8044B-318E-470C-8A90-D1E645D97DB6}.Release|x86.ActiveCfg = Release|Any CPU
	EndGlobalSection
	GlobalSection(SolutionProperties) = preSolution
		HideSolutionNode = FALSE
	EndGlobalSection
EndGlobal
